
Microsoft Visual Studio Solution File, Format Version 12.00
# Visual Studio Version 16
VisualStudioVersion = 16.0.30104.148
MinimumVisualStudioVersion = 10.0.40219.1
Project("{FAE04EC0-301F-11D3-BF4B-00C04F79EFBC}") = "Kore", "KoreLibrary\Kore.csproj", "{3B46AD76-BBB2-4293-B0BD-D61AB39A411E}"
EndProject
Project("{FAE04EC0-301F-11D3-BF4B-00C04F79EFBC}") = "KoreTests", "KoreTests\KoreTests.csproj", "{4E11C8C8-B1A3-4EE2-9518-98DAC99F0D80}"
EndProject
Global
	GlobalSection(SolutionConfigurationPlatforms) = preSolution
		Debug|Any CPU = Debug|Any CPU
		Release|Any CPU = Release|Any CPU
	EndGlobalSection
	GlobalSection(ProjectConfigurationPlatforms) = postSolution
		{3B46AD76-BBB2-4293-B0BD-D61AB39A411E}.Debug|Any CPU.ActiveCfg = Debug|Any CPU
		{3B46AD76-BBB2-4293-B0BD-D61AB39A411E}.Debug|Any CPU.Build.0 = Debug|Any CPU
		{3B46AD76-BBB2-4293-B0BD-D61AB39A411E}.Release|Any CPU.ActiveCfg = Release|Any CPU
		{3B46AD76-BBB2-4293-B0BD-D61AB39A411E}.Release|Any CPU.Build.0 = Release|Any CPU
		{4E11C8C8-B1A3-4EE2-9518-98DAC99F0D80}.Debug|Any CPU.ActiveCfg = Debug|Any CPU
		{4E11C8C8-B1A3-4EE2-9518-98DAC99F0D80}.Debug|Any CPU.Build.0 = Debug|Any CPU
		{4E11C8C8-B1A3-4EE2-9518-98DAC99F0D80}.Release|Any CPU.ActiveCfg = Release|Any CPU
		{4E11C8C8-B1A3-4EE2-9518-98DAC99F0D80}.Release|Any CPU.Build.0 = Release|Any CPU
	EndGlobalSection
	GlobalSection(SolutionProperties) = preSolution
		HideSolutionNode = FALSE
	EndGlobalSection
	GlobalSection(ExtensibilityGlobals) = postSolution
		SolutionGuid = {B871DD13-FA09-4FC0-9B19-D7A8C548ABD8}
	EndGlobalSection
EndGlobal
